
Microsoft Visual Studio Solution File, Format Version 12.00
# Visual Studio Version 16
VisualStudioVersion = 16.0.33214.272
MinimumVisualStudioVersion = 10.0.40219.1
Project("{FAE04EC0-301F-11D3-BF4B-00C04F79EFBC}") = "Sistema_De_Casillero", "Sistema_De_Casillero\Sistema_De_Casillero.csproj", "{0589D470-31D1-471B-A15B-543CC5892A61}"
EndProject
Global
	GlobalSection(SolutionConfigurationPlatforms) = preSolution
		Debug|Any CPU = Debug|Any CPU
		Release|Any CPU = Release|Any CPU
	EndGlobalSection
	GlobalSection(ProjectConfigurationPlatforms) = postSolution
		{0589D470-31D1-471B-A15B-543CC5892A61}.Debug|Any CPU.ActiveCfg = Debug|Any CPU
		{0589D470-31D1-471B-A15B-543CC5892A61}.Debug|Any CPU.Build.0 = Debug|Any CPU
		{0589D470-31D1-471B-A15B-543CC5892A61}.Release|Any CPU.ActiveCfg = Release|Any CPU
		{0589D470-31D1-471B-A15B-543CC5892A61}.Release|Any CPU.Build.0 = Release|Any CPU
	EndGlobalSection
	GlobalSection(SolutionProperties) = preSolution
		HideSolutionNode = FALSE
	EndGlobalSection
	GlobalSection(ExtensibilityGlobals) = postSolution
		SolutionGuid = {99B143CB-0C10-4424-B1A7-FD3438C5404A}
	EndGlobalSection
EndGlobal
